
Microsoft Visual Studio Solution File, Format Version 12.00
# Visual Studio Version 17
VisualStudioVersion = 17.9.34728.123
MinimumVisualStudioVersion = 10.0.40219.1
Project("{FAE04EC0-301F-11D3-BF4B-00C04F79EFBC}") = "InventoryTracker", "InventoryTracker\InventoryTracker.csproj", "{5EDEBF71-FFE6-49DB-B9F6-774DC953AD28}"
EndProject
Global
	GlobalSection(SolutionConfigurationPlatforms) = preSolution
		Debug|Any CPU = Debug|Any CPU
		Release|Any CPU = Release|Any CPU
	EndGlobalSection
	GlobalSection(ProjectConfigurationPlatforms) = postSolution
		{5EDEBF71-FFE6-49DB-B9F6-774DC953AD28}.Debug|Any CPU.ActiveCfg = Debug|Any CPU
		{5EDEBF71-FFE6-49DB-B9F6-774DC953AD28}.Debug|Any CPU.Build.0 = Debug|Any CPU
		{5EDEBF71-FFE6-49DB-B9F6-774DC953AD28}.Release|Any CPU.ActiveCfg = Release|Any CPU
		{5EDEBF71-FFE6-49DB-B9F6-774DC953AD28}.Release|Any CPU.Build.0 = Release|Any CPU
	EndGlobalSection
	GlobalSection(SolutionProperties) = preSolution
		HideSolutionNode = FALSE
	EndGlobalSection
	GlobalSection(ExtensibilityGlobals) = postSolution
		SolutionGuid = {DA474558-D7B5-4792-8D1B-4F076A477E36}
	EndGlobalSection
EndGlobal
